
Microsoft Visual Studio Solution File, Format Version 12.00
# Visual Studio 15
VisualStudioVersion = 15.0.28307.757
MinimumVisualStudioVersion = 10.0.40219.1
Project("{FAE04EC0-301F-11D3-BF4B-00C04F79EFBC}") = "Example1", "Example1.csproj", "{8650090A-157E-43D9-94ED-564E7B00CC60}"
EndProject
Project("{FAE04EC0-301F-11D3-BF4B-00C04F79EFBC}") = "Example2", "..\Example2\Example2.csproj", "{77CEC6D2-5F82-4A9D-8DC3-6BBCE1C5FB2D}"
EndProject
Project("{FAE04EC0-301F-11D3-BF4B-00C04F79EFBC}") = "Example3", "Example3\Example3.csproj", "{CAE1A10E-DBEF-43BE-BDA3-E85E3F201291}"
EndProject
Project("{FAE04EC0-301F-11D3-BF4B-00C04F79EFBC}") = "Example4", "Example4\Example4.csproj", "{DCBDB7E9-4847-4978-B566-295512412330}"
EndProject
Global
	GlobalSection(SolutionConfigurationPlatforms) = preSolution
		Debug|Any CPU = Debug|Any CPU
		Release|Any CPU = Release|Any CPU
	EndGlobalSection
	GlobalSection(ProjectConfigurationPlatforms) = postSolution
		{8650090A-157E-43D9-94ED-564E7B00CC60}.Debug|Any CPU.ActiveCfg = Debug|Any CPU
		{8650090A-157E-43D9-94ED-564E7B00CC60}.Debug|Any CPU.Build.0 = Debug|Any CPU
		{8650090A-157E-43D9-94ED-564E7B00CC60}.Release|Any CPU.ActiveCfg = Release|Any CPU
		{8650090A-157E-43D9-94ED-564E7B00CC60}.Release|Any CPU.Build.0 = Release|Any CPU
		{77CEC6D2-5F82-4A9D-8DC3-6BBCE1C5FB2D}.Debug|Any CPU.ActiveCfg = Debug|Any CPU
		{77CEC6D2-5F82-4A9D-8DC3-6BBCE1C5FB2D}.Debug|Any CPU.Build.0 = Debug|Any CPU
		{77CEC6D2-5F82-4A9D-8DC3-6BBCE1C5FB2D}.Release|Any CPU.ActiveCfg = Release|Any CPU
		{77CEC6D2-5F82-4A9D-8DC3-6BBCE1C5FB2D}.Release|Any CPU.Build.0 = Release|Any CPU
		{CAE1A10E-DBEF-43BE-BDA3-E85E3F201291}.Debug|Any CPU.ActiveCfg = Debug|Any CPU
		{CAE1A10E-DBEF-43BE-BDA3-E85E3F201291}.Debug|Any CPU.Build.0 = Debug|Any CPU
		{CAE1A10E-DBEF-43BE-BDA3-E85E3F201291}.Release|Any CPU.ActiveCfg = Release|Any CPU
		{CAE1A10E-DBEF-43BE-BDA3-E85E3F201291}.Release|Any CPU.Build.0 = Release|Any CPU
		{DCBDB7E9-4847-4978-B566-295512412330}.Debug|Any CPU.ActiveCfg = Debug|Any CPU
		{DCBDB7E9-4847-4978-B566-295512412330}.Debug|Any CPU.Build.0 = Debug|Any CPU
		{DCBDB7E9-4847-4978-B566-295512412330}.Release|Any CPU.ActiveCfg = Release|Any CPU
		{DCBDB7E9-4847-4978-B566-295512412330}.Release|Any CPU.Build.0 = Release|Any CPU
	EndGlobalSection
	GlobalSection(SolutionProperties) = preSolution
		HideSolutionNode = FALSE
	EndGlobalSection
	GlobalSection(ExtensibilityGlobals) = postSolution
		SolutionGuid = {C64C2C78-434D-418D-8730-F9CE569D9C80}
	EndGlobalSection
EndGlobal
