
Microsoft Visual Studio Solution File, Format Version 12.00
# Visual Studio 15
VisualStudioVersion = 15.0.28307.757
MinimumVisualStudioVersion = 10.0.40219.1
Project("{FAE04EC0-301F-11D3-BF4B-00C04F79EFBC}") = "Example1", "Example1.csproj", "{72858641-7A7A-4096-A025-91958638DEDA}"
EndProject
Project("{FAE04EC0-301F-11D3-BF4B-00C04F79EFBC}") = "Example2", "..\Example2\Example2.csproj", "{40EA2FCD-74D7-4692-87C9-6EE7E65BA3AC}"
EndProject
Project("{FAE04EC0-301F-11D3-BF4B-00C04F79EFBC}") = "Example3", "Example3\Example3.csproj", "{23DC6A60-35E1-44B9-8AC3-2B785FCDF45F}"
EndProject
Project("{FAE04EC0-301F-11D3-BF4B-00C04F79EFBC}") = "Example4", "Example4\Example4.csproj", "{4FF285D8-D392-40B3-8F55-78931DC97CA5}"
EndProject
Project("{FAE04EC0-301F-11D3-BF4B-00C04F79EFBC}") = "Example5", "Example5\Example5.csproj", "{9A6C6452-373A-4244-B772-91BE3465DCD0}"
EndProject
Global
	GlobalSection(SolutionConfigurationPlatforms) = preSolution
		Debug|Any CPU = Debug|Any CPU
		Release|Any CPU = Release|Any CPU
	EndGlobalSection
	GlobalSection(ProjectConfigurationPlatforms) = postSolution
		{72858641-7A7A-4096-A025-91958638DEDA}.Debug|Any CPU.ActiveCfg = Debug|Any CPU
		{72858641-7A7A-4096-A025-91958638DEDA}.Debug|Any CPU.Build.0 = Debug|Any CPU
		{72858641-7A7A-4096-A025-91958638DEDA}.Release|Any CPU.ActiveCfg = Release|Any CPU
		{72858641-7A7A-4096-A025-91958638DEDA}.Release|Any CPU.Build.0 = Release|Any CPU
		{40EA2FCD-74D7-4692-87C9-6EE7E65BA3AC}.Debug|Any CPU.ActiveCfg = Debug|Any CPU
		{40EA2FCD-74D7-4692-87C9-6EE7E65BA3AC}.Debug|Any CPU.Build.0 = Debug|Any CPU
		{40EA2FCD-74D7-4692-87C9-6EE7E65BA3AC}.Release|Any CPU.ActiveCfg = Release|Any CPU
		{40EA2FCD-74D7-4692-87C9-6EE7E65BA3AC}.Release|Any CPU.Build.0 = Release|Any CPU
		{23DC6A60-35E1-44B9-8AC3-2B785FCDF45F}.Debug|Any CPU.ActiveCfg = Debug|Any CPU
		{23DC6A60-35E1-44B9-8AC3-2B785FCDF45F}.Debug|Any CPU.Build.0 = Debug|Any CPU
		{23DC6A60-35E1-44B9-8AC3-2B785FCDF45F}.Release|Any CPU.ActiveCfg = Release|Any CPU
		{23DC6A60-35E1-44B9-8AC3-2B785FCDF45F}.Release|Any CPU.Build.0 = Release|Any CPU
		{4FF285D8-D392-40B3-8F55-78931DC97CA5}.Debug|Any CPU.ActiveCfg = Debug|Any CPU
		{4FF285D8-D392-40B3-8F55-78931DC97CA5}.Debug|Any CPU.Build.0 = Debug|Any CPU
		{4FF285D8-D392-40B3-8F55-78931DC97CA5}.Release|Any CPU.ActiveCfg = Release|Any CPU
		{4FF285D8-D392-40B3-8F55-78931DC97CA5}.Release|Any CPU.Build.0 = Release|Any CPU
		{9A6C6452-373A-4244-B772-91BE3465DCD0}.Debug|Any CPU.ActiveCfg = Debug|Any CPU
		{9A6C6452-373A-4244-B772-91BE3465DCD0}.Debug|Any CPU.Build.0 = Debug|Any CPU
		{9A6C6452-373A-4244-B772-91BE3465DCD0}.Release|Any CPU.ActiveCfg = Release|Any CPU
		{9A6C6452-373A-4244-B772-91BE3465DCD0}.Release|Any CPU.Build.0 = Release|Any CPU
	EndGlobalSection
	GlobalSection(SolutionProperties) = preSolution
		HideSolutionNode = FALSE
	EndGlobalSection
	GlobalSection(ExtensibilityGlobals) = postSolution
		SolutionGuid = {D7F779C7-85F9-4E3D-9451-F187493D3DDC}
	EndGlobalSection
EndGlobal
