
Microsoft Visual Studio Solution File, Format Version 12.00
# Visual Studio Version 16
VisualStudioVersion = 16.0.29509.3
MinimumVisualStudioVersion = 10.0.40219.1
Project("{FAE04EC0-301F-11D3-BF4B-00C04F79EFBC}") = "A_lvl_Practise_6", "A_lvl_Practise_6\A_lvl_Practise_6.csproj", "{F827BD81-89C5-4622-BFC2-FD957ED75D8A}"
EndProject
Global
	GlobalSection(SolutionConfigurationPlatforms) = preSolution
		Debug|Any CPU = Debug|Any CPU
		Release|Any CPU = Release|Any CPU
	EndGlobalSection
	GlobalSection(ProjectConfigurationPlatforms) = postSolution
		{F827BD81-89C5-4622-BFC2-FD957ED75D8A}.Debug|Any CPU.ActiveCfg = Debug|Any CPU
		{F827BD81-89C5-4622-BFC2-FD957ED75D8A}.Debug|Any CPU.Build.0 = Debug|Any CPU
		{F827BD81-89C5-4622-BFC2-FD957ED75D8A}.Release|Any CPU.ActiveCfg = Release|Any CPU
		{F827BD81-89C5-4622-BFC2-FD957ED75D8A}.Release|Any CPU.Build.0 = Release|Any CPU
	EndGlobalSection
	GlobalSection(SolutionProperties) = preSolution
		HideSolutionNode = FALSE
	EndGlobalSection
	GlobalSection(ExtensibilityGlobals) = postSolution
		SolutionGuid = {D3613F3A-3FB6-465A-BA6B-078244278B50}
	EndGlobalSection
EndGlobal
