
Microsoft Visual Studio Solution File, Format Version 12.00
# Visual Studio 15
VisualStudioVersion = 15.0.28307.757
MinimumVisualStudioVersion = 10.0.40219.1
Project("{FAE04EC0-301F-11D3-BF4B-00C04F79EFBC}") = "Example1", "OOP2\Example1.csproj", "{1CF4034D-EC07-4249-8660-ADE4E13D72AD}"
EndProject
Project("{FAE04EC0-301F-11D3-BF4B-00C04F79EFBC}") = "Example2", "Example2\Example2.csproj", "{7227C1B3-5A2E-4F53-A1E4-B0F281DBEAD5}"
EndProject
Project("{FAE04EC0-301F-11D3-BF4B-00C04F79EFBC}") = "Example3", "Example3\Example3.csproj", "{50F59204-8283-4DFF-B7EC-6AF8A3F75130}"
EndProject
Project("{FAE04EC0-301F-11D3-BF4B-00C04F79EFBC}") = "ClassLibrary2", "ClassLibrary2\ClassLibrary2.csproj", "{96221A02-D957-48B6-BB16-59D56D887DDA}"
EndProject
Project("{FAE04EC0-301F-11D3-BF4B-00C04F79EFBC}") = "Example4", "Example4\Example4.csproj", "{D83DE931-CF52-4199-801C-E4E6A5EDB2F3}"
EndProject
Global
	GlobalSection(SolutionConfigurationPlatforms) = preSolution
		Debug|Any CPU = Debug|Any CPU
		Release|Any CPU = Release|Any CPU
	EndGlobalSection
	GlobalSection(ProjectConfigurationPlatforms) = postSolution
		{1CF4034D-EC07-4249-8660-ADE4E13D72AD}.Debug|Any CPU.ActiveCfg = Debug|Any CPU
		{1CF4034D-EC07-4249-8660-ADE4E13D72AD}.Debug|Any CPU.Build.0 = Debug|Any CPU
		{1CF4034D-EC07-4249-8660-ADE4E13D72AD}.Release|Any CPU.ActiveCfg = Release|Any CPU
		{1CF4034D-EC07-4249-8660-ADE4E13D72AD}.Release|Any CPU.Build.0 = Release|Any CPU
		{7227C1B3-5A2E-4F53-A1E4-B0F281DBEAD5}.Debug|Any CPU.ActiveCfg = Debug|Any CPU
		{7227C1B3-5A2E-4F53-A1E4-B0F281DBEAD5}.Debug|Any CPU.Build.0 = Debug|Any CPU
		{7227C1B3-5A2E-4F53-A1E4-B0F281DBEAD5}.Release|Any CPU.ActiveCfg = Release|Any CPU
		{7227C1B3-5A2E-4F53-A1E4-B0F281DBEAD5}.Release|Any CPU.Build.0 = Release|Any CPU
		{50F59204-8283-4DFF-B7EC-6AF8A3F75130}.Debug|Any CPU.ActiveCfg = Debug|Any CPU
		{50F59204-8283-4DFF-B7EC-6AF8A3F75130}.Debug|Any CPU.Build.0 = Debug|Any CPU
		{50F59204-8283-4DFF-B7EC-6AF8A3F75130}.Release|Any CPU.ActiveCfg = Release|Any CPU
		{50F59204-8283-4DFF-B7EC-6AF8A3F75130}.Release|Any CPU.Build.0 = Release|Any CPU
		{96221A02-D957-48B6-BB16-59D56D887DDA}.Debug|Any CPU.ActiveCfg = Debug|Any CPU
		{96221A02-D957-48B6-BB16-59D56D887DDA}.Debug|Any CPU.Build.0 = Debug|Any CPU
		{96221A02-D957-48B6-BB16-59D56D887DDA}.Release|Any CPU.ActiveCfg = Release|Any CPU
		{96221A02-D957-48B6-BB16-59D56D887DDA}.Release|Any CPU.Build.0 = Release|Any CPU
		{D83DE931-CF52-4199-801C-E4E6A5EDB2F3}.Debug|Any CPU.ActiveCfg = Debug|Any CPU
		{D83DE931-CF52-4199-801C-E4E6A5EDB2F3}.Debug|Any CPU.Build.0 = Debug|Any CPU
		{D83DE931-CF52-4199-801C-E4E6A5EDB2F3}.Release|Any CPU.ActiveCfg = Release|Any CPU
		{D83DE931-CF52-4199-801C-E4E6A5EDB2F3}.Release|Any CPU.Build.0 = Release|Any CPU
	EndGlobalSection
	GlobalSection(SolutionProperties) = preSolution
		HideSolutionNode = FALSE
	EndGlobalSection
	GlobalSection(ExtensibilityGlobals) = postSolution
		SolutionGuid = {D5AA48A9-39DC-4CB7-9227-3A8D040D8CD1}
	EndGlobalSection
EndGlobal
